
Microsoft Visual Studio Solution File, Format Version 12.00
# Visual Studio Version 17
VisualStudioVersion = 17.2.32630.192
MinimumVisualStudioVersion = 10.0.40219.1
Project("{FAE04EC0-301F-11D3-BF4B-00C04F79EFBC}") = "APPSaep", "APPSaep\APPSaep.csproj", "{F6B965C3-FF1B-49A0-9704-F01DD56EC527}"
EndProject
Global
	GlobalSection(SolutionConfigurationPlatforms) = preSolution
		Debug|Any CPU = Debug|Any CPU
		Release|Any CPU = Release|Any CPU
	EndGlobalSection
	GlobalSection(ProjectConfigurationPlatforms) = postSolution
		{F6B965C3-FF1B-49A0-9704-F01DD56EC527}.Debug|Any CPU.ActiveCfg = Debug|Any CPU
		{F6B965C3-FF1B-49A0-9704-F01DD56EC527}.Debug|Any CPU.Build.0 = Debug|Any CPU
		{F6B965C3-FF1B-49A0-9704-F01DD56EC527}.Release|Any CPU.ActiveCfg = Release|Any CPU
		{F6B965C3-FF1B-49A0-9704-F01DD56EC527}.Release|Any CPU.Build.0 = Release|Any CPU
	EndGlobalSection
	GlobalSection(SolutionProperties) = preSolution
		HideSolutionNode = FALSE
	EndGlobalSection
	GlobalSection(ExtensibilityGlobals) = postSolution
		SolutionGuid = {EAF757F1-FD63-4430-802E-3ECE02C24C68}
	EndGlobalSection
EndGlobal
